
Microsoft Visual Studio Solution File, Format Version 12.00
# Visual Studio 14
VisualStudioVersion = 14.0.24720.0
MinimumVisualStudioVersion = 10.0.40219.1
Project("{2150E333-8FDC-42A3-9474-1A3956D46DE8}") = "src", "src", "{B7AAEA46-2201-4CBB-A874-C59B236206F1}"
EndProject
Project("{2150E333-8FDC-42A3-9474-1A3956D46DE8}") = "Solution Items", "Solution Items", "{048E097A-B7CE-4EBC-8A57-E1BF32CD27AE}"
	ProjectSection(SolutionItems) = preProject
		global.json = global.json
		NuGet.config = NuGet.config
	EndProjectSection
EndProject
Project("{8BB2217D-0F2D-49D1-97BC-3654ED321F3B}") = "MIT.CRM", "src\MIT.CRM\MIT.CRM.xproj", "{1D517CF1-0BB9-43E8-8AB5-9CBC3EC8BE2C}"
EndProject
Project("{2150E333-8FDC-42A3-9474-1A3956D46DE8}") = "Windows", "Windows", "{2EA41A84-1331-48F7-A22C-947C30B3B5D7}"
EndProject
Project("{2150E333-8FDC-42A3-9474-1A3956D46DE8}") = "Mobile", "Mobile", "{AF5EE053-0D99-4197-8CF3-DA6998E7E409}"
EndProject
Project("{8BB2217D-0F2D-49D1-97BC-3654ED321F3B}") = "MIT.Repository", "src\MIT.Repository\MIT.Repository.xproj", "{196FC58C-65F8-4ADC-8868-610816B9BFD3}"
EndProject
Project("{8BB2217D-0F2D-49D1-97BC-3654ED321F3B}") = "MIT.Repository.Identity", "src\MIT.Repository.Identity\MIT.Repository.Identity.xproj", "{EBBF50BA-CC68-4CF6-A5B3-F7BE5E74F4DD}"
EndProject
Project("{FAE04EC0-301F-11D3-BF4B-00C04F79EFBC}") = "MIT.ClientService", "Windows\MIT.ClientService\MIT.ClientService.csproj", "{17185676-FA35-4A78-86FB-FF3072BF8694}"
EndProject
Project("{FAE04EC0-301F-11D3-BF4B-00C04F79EFBC}") = "MIT.Data", "Windows\MIT.Data\MIT.Data.csproj", "{A3D1C671-B470-452C-90E4-293380DA092B}"
EndProject
Project("{FAE04EC0-301F-11D3-BF4B-00C04F79EFBC}") = "MIT.MotoresPrimavera", "Windows\MIT.MotoresPrimavera\MIT.MotoresPrimavera.csproj", "{23EA97E8-461C-436F-8355-F1FBE2AC46BA}"
EndProject
Global
	GlobalSection(SolutionConfigurationPlatforms) = preSolution
		Debug|Any CPU = Debug|Any CPU
		Debug|x86 = Debug|x86
		Release|Any CPU = Release|Any CPU
		Release|x86 = Release|x86
	EndGlobalSection
	GlobalSection(ProjectConfigurationPlatforms) = postSolution
		{1D517CF1-0BB9-43E8-8AB5-9CBC3EC8BE2C}.Debug|Any CPU.ActiveCfg = Debug|Any CPU
		{1D517CF1-0BB9-43E8-8AB5-9CBC3EC8BE2C}.Debug|Any CPU.Build.0 = Debug|Any CPU
		{1D517CF1-0BB9-43E8-8AB5-9CBC3EC8BE2C}.Debug|x86.ActiveCfg = Debug|Any CPU
		{1D517CF1-0BB9-43E8-8AB5-9CBC3EC8BE2C}.Debug|x86.Build.0 = Debug|Any CPU
		{1D517CF1-0BB9-43E8-8AB5-9CBC3EC8BE2C}.Release|Any CPU.ActiveCfg = Release|Any CPU
		{1D517CF1-0BB9-43E8-8AB5-9CBC3EC8BE2C}.Release|Any CPU.Build.0 = Release|Any CPU
		{1D517CF1-0BB9-43E8-8AB5-9CBC3EC8BE2C}.Release|x86.ActiveCfg = Release|Any CPU
		{1D517CF1-0BB9-43E8-8AB5-9CBC3EC8BE2C}.Release|x86.Build.0 = Release|Any CPU
		{196FC58C-65F8-4ADC-8868-610816B9BFD3}.Debug|Any CPU.ActiveCfg = Debug|Any CPU
		{196FC58C-65F8-4ADC-8868-610816B9BFD3}.Debug|Any CPU.Build.0 = Debug|Any CPU
		{196FC58C-65F8-4ADC-8868-610816B9BFD3}.Debug|x86.ActiveCfg = Debug|Any CPU
		{196FC58C-65F8-4ADC-8868-610816B9BFD3}.Debug|x86.Build.0 = Debug|Any CPU
		{196FC58C-65F8-4ADC-8868-610816B9BFD3}.Release|Any CPU.ActiveCfg = Release|Any CPU
		{196FC58C-65F8-4ADC-8868-610816B9BFD3}.Release|Any CPU.Build.0 = Release|Any CPU
		{196FC58C-65F8-4ADC-8868-610816B9BFD3}.Release|x86.ActiveCfg = Release|Any CPU
		{196FC58C-65F8-4ADC-8868-610816B9BFD3}.Release|x86.Build.0 = Release|Any CPU
		{EBBF50BA-CC68-4CF6-A5B3-F7BE5E74F4DD}.Debug|Any CPU.ActiveCfg = Debug|Any CPU
		{EBBF50BA-CC68-4CF6-A5B3-F7BE5E74F4DD}.Debug|Any CPU.Build.0 = Debug|Any CPU
		{EBBF50BA-CC68-4CF6-A5B3-F7BE5E74F4DD}.Debug|x86.ActiveCfg = Debug|Any CPU
		{EBBF50BA-CC68-4CF6-A5B3-F7BE5E74F4DD}.Debug|x86.Build.0 = Debug|Any CPU
		{EBBF50BA-CC68-4CF6-A5B3-F7BE5E74F4DD}.Release|Any CPU.ActiveCfg = Release|Any CPU
		{EBBF50BA-CC68-4CF6-A5B3-F7BE5E74F4DD}.Release|Any CPU.Build.0 = Release|Any CPU
		{EBBF50BA-CC68-4CF6-A5B3-F7BE5E74F4DD}.Release|x86.ActiveCfg = Release|Any CPU
		{EBBF50BA-CC68-4CF6-A5B3-F7BE5E74F4DD}.Release|x86.Build.0 = Release|Any CPU
		{17185676-FA35-4A78-86FB-FF3072BF8694}.Debug|Any CPU.ActiveCfg = Debug|Any CPU
		{17185676-FA35-4A78-86FB-FF3072BF8694}.Debug|Any CPU.Build.0 = Debug|Any CPU
		{17185676-FA35-4A78-86FB-FF3072BF8694}.Debug|x86.ActiveCfg = Debug|x86
		{17185676-FA35-4A78-86FB-FF3072BF8694}.Debug|x86.Build.0 = Debug|x86
		{17185676-FA35-4A78-86FB-FF3072BF8694}.Release|Any CPU.ActiveCfg = Release|Any CPU
		{17185676-FA35-4A78-86FB-FF3072BF8694}.Release|Any CPU.Build.0 = Release|Any CPU
		{17185676-FA35-4A78-86FB-FF3072BF8694}.Release|x86.ActiveCfg = Release|Any CPU
		{17185676-FA35-4A78-86FB-FF3072BF8694}.Release|x86.Build.0 = Release|Any CPU
		{A3D1C671-B470-452C-90E4-293380DA092B}.Debug|Any CPU.ActiveCfg = Debug|Any CPU
		{A3D1C671-B470-452C-90E4-293380DA092B}.Debug|Any CPU.Build.0 = Debug|Any CPU
		{A3D1C671-B470-452C-90E4-293380DA092B}.Debug|x86.ActiveCfg = Debug|x86
		{A3D1C671-B470-452C-90E4-293380DA092B}.Debug|x86.Build.0 = Debug|x86
		{A3D1C671-B470-452C-90E4-293380DA092B}.Release|Any CPU.ActiveCfg = Release|Any CPU
		{A3D1C671-B470-452C-90E4-293380DA092B}.Release|Any CPU.Build.0 = Release|Any CPU
		{A3D1C671-B470-452C-90E4-293380DA092B}.Release|x86.ActiveCfg = Release|x86
		{A3D1C671-B470-452C-90E4-293380DA092B}.Release|x86.Build.0 = Release|x86
		{23EA97E8-461C-436F-8355-F1FBE2AC46BA}.Debug|Any CPU.ActiveCfg = Debug|Any CPU
		{23EA97E8-461C-436F-8355-F1FBE2AC46BA}.Debug|Any CPU.Build.0 = Debug|Any CPU
		{23EA97E8-461C-436F-8355-F1FBE2AC46BA}.Debug|x86.ActiveCfg = Debug|x86
		{23EA97E8-461C-436F-8355-F1FBE2AC46BA}.Debug|x86.Build.0 = Debug|x86
		{23EA97E8-461C-436F-8355-F1FBE2AC46BA}.Release|Any CPU.ActiveCfg = Release|Any CPU
		{23EA97E8-461C-436F-8355-F1FBE2AC46BA}.Release|Any CPU.Build.0 = Release|Any CPU
		{23EA97E8-461C-436F-8355-F1FBE2AC46BA}.Release|x86.ActiveCfg = Release|x86
		{23EA97E8-461C-436F-8355-F1FBE2AC46BA}.Release|x86.Build.0 = Release|x86
	EndGlobalSection
	GlobalSection(SolutionProperties) = preSolution
		HideSolutionNode = FALSE
	EndGlobalSection
	GlobalSection(NestedProjects) = preSolution
		{1D517CF1-0BB9-43E8-8AB5-9CBC3EC8BE2C} = {B7AAEA46-2201-4CBB-A874-C59B236206F1}
		{196FC58C-65F8-4ADC-8868-610816B9BFD3} = {B7AAEA46-2201-4CBB-A874-C59B236206F1}
		{EBBF50BA-CC68-4CF6-A5B3-F7BE5E74F4DD} = {B7AAEA46-2201-4CBB-A874-C59B236206F1}
		{17185676-FA35-4A78-86FB-FF3072BF8694} = {2EA41A84-1331-48F7-A22C-947C30B3B5D7}
		{A3D1C671-B470-452C-90E4-293380DA092B} = {2EA41A84-1331-48F7-A22C-947C30B3B5D7}
		{23EA97E8-461C-436F-8355-F1FBE2AC46BA} = {2EA41A84-1331-48F7-A22C-947C30B3B5D7}
	EndGlobalSection
EndGlobal
